
Microsoft Visual Studio Solution File, Format Version 12.00
# Visual Studio Version 17
VisualStudioVersion = 17.9.34616.47
MinimumVisualStudioVersion = 10.0.40219.1
Project("{2150E333-8FDC-42A3-9474-1A3956D46DE8}") = "Solution Items", "Solution Items", "{47E1FF1A-6355-4BA9-99A7-4A0AB016D2B5}"
	ProjectSection(SolutionItems) = preProject
		.editorconfig = .editorconfig
		Directory.Build.props = Directory.Build.props
		global.json = global.json
	EndProjectSection
EndProject
Project("{2150E333-8FDC-42A3-9474-1A3956D46DE8}") = "src", "src", "{D56F4193-ADA4-4082-8EEA-A56959651F40}"
EndProject
Project("{2150E333-8FDC-42A3-9474-1A3956D46DE8}") = "API", "API", "{636E2A85-D413-4773-8812-129C458277C0}"
EndProject
Project("{2150E333-8FDC-42A3-9474-1A3956D46DE8}") = "Modules", "Modules", "{E152D6C5-B6F1-4AA6-B79C-8F83A451999C}"
EndProject
Project("{2150E333-8FDC-42A3-9474-1A3956D46DE8}") = "Events", "Events", "{70825A86-9FA8-4215-AF77-D40CC7FC5E8F}"
EndProject
Project("{9A19103F-16F7-4668-BE54-9A1E7A4F7556}") = "EventModularMonolith.Api", "src\API\EventModularMonolith.Api\EventModularMonolith.Api.csproj", "{18C26062-227E-4242-BFD8-7B1B67E61C99}"
EndProject
Project("{E53339B2-1760-4266-BCC7-CA923CBCF16C}") = "docker-compose", "docker-compose.dcproj", "{0F6AC42C-2E06-4545-B8EE-21D6180EB3FC}"
EndProject
Project("{9A19103F-16F7-4668-BE54-9A1E7A4F7556}") = "EventModularMonolith.Modules.Events.Domain", "src\Modules\Events\EventModularMonolith.Modules.Events.Domain\EventModularMonolith.Modules.Events.Domain.csproj", "{616C33D4-59A6-4F46-ACC1-B0BFA4EB9783}"
EndProject
Project("{9A19103F-16F7-4668-BE54-9A1E7A4F7556}") = "EventModularMonolith.Modules.Events.Application", "src\Modules\Events\EventModularMonolith.Modules.Events.Application\EventModularMonolith.Modules.Events.Application.csproj", "{D49255D8-5E0C-4AD7-B432-727F6201F94E}"
EndProject
Project("{9A19103F-16F7-4668-BE54-9A1E7A4F7556}") = "EventModularMonolith.Modules.Events.Infrastructure", "src\Modules\Events\EventModularMonolith.Modules.Events.Infrastructure\EventModularMonolith.Modules.Events.Infrastructure.csproj", "{FE591225-7A08-4F3A-9073-09A0BC3A2F65}"
EndProject
Project("{9A19103F-16F7-4668-BE54-9A1E7A4F7556}") = "EventModularMonolith.Modules.Events.Presentation", "src\Modules\Events\EventModularMonolith.Modules.Events.Presentation\EventModularMonolith.Modules.Events.Presentation.csproj", "{A2E1D821-ED9E-4D6C-A5BC-CB68D2A369D0}"
EndProject
Global
	GlobalSection(SolutionConfigurationPlatforms) = preSolution
		Debug|Any CPU = Debug|Any CPU
		Release|Any CPU = Release|Any CPU
	EndGlobalSection
	GlobalSection(ProjectConfigurationPlatforms) = postSolution
		{18C26062-227E-4242-BFD8-7B1B67E61C99}.Debug|Any CPU.ActiveCfg = Debug|Any CPU
		{18C26062-227E-4242-BFD8-7B1B67E61C99}.Debug|Any CPU.Build.0 = Debug|Any CPU
		{18C26062-227E-4242-BFD8-7B1B67E61C99}.Release|Any CPU.ActiveCfg = Release|Any CPU
		{18C26062-227E-4242-BFD8-7B1B67E61C99}.Release|Any CPU.Build.0 = Release|Any CPU
		{0F6AC42C-2E06-4545-B8EE-21D6180EB3FC}.Debug|Any CPU.ActiveCfg = Debug|Any CPU
		{0F6AC42C-2E06-4545-B8EE-21D6180EB3FC}.Debug|Any CPU.Build.0 = Debug|Any CPU
		{0F6AC42C-2E06-4545-B8EE-21D6180EB3FC}.Release|Any CPU.ActiveCfg = Release|Any CPU
		{0F6AC42C-2E06-4545-B8EE-21D6180EB3FC}.Release|Any CPU.Build.0 = Release|Any CPU
		{616C33D4-59A6-4F46-ACC1-B0BFA4EB9783}.Debug|Any CPU.ActiveCfg = Debug|Any CPU
		{616C33D4-59A6-4F46-ACC1-B0BFA4EB9783}.Debug|Any CPU.Build.0 = Debug|Any CPU
		{616C33D4-59A6-4F46-ACC1-B0BFA4EB9783}.Release|Any CPU.ActiveCfg = Release|Any CPU
		{616C33D4-59A6-4F46-ACC1-B0BFA4EB9783}.Release|Any CPU.Build.0 = Release|Any CPU
		{D49255D8-5E0C-4AD7-B432-727F6201F94E}.Debug|Any CPU.ActiveCfg = Debug|Any CPU
		{D49255D8-5E0C-4AD7-B432-727F6201F94E}.Debug|Any CPU.Build.0 = Debug|Any CPU
		{D49255D8-5E0C-4AD7-B432-727F6201F94E}.Release|Any CPU.ActiveCfg = Release|Any CPU
		{D49255D8-5E0C-4AD7-B432-727F6201F94E}.Release|Any CPU.Build.0 = Release|Any CPU
		{FE591225-7A08-4F3A-9073-09A0BC3A2F65}.Debug|Any CPU.ActiveCfg = Debug|Any CPU
		{FE591225-7A08-4F3A-9073-09A0BC3A2F65}.Debug|Any CPU.Build.0 = Debug|Any CPU
		{FE591225-7A08-4F3A-9073-09A0BC3A2F65}.Release|Any CPU.ActiveCfg = Release|Any CPU
		{FE591225-7A08-4F3A-9073-09A0BC3A2F65}.Release|Any CPU.Build.0 = Release|Any CPU
		{A2E1D821-ED9E-4D6C-A5BC-CB68D2A369D0}.Debug|Any CPU.ActiveCfg = Debug|Any CPU
		{A2E1D821-ED9E-4D6C-A5BC-CB68D2A369D0}.Debug|Any CPU.Build.0 = Debug|Any CPU
		{A2E1D821-ED9E-4D6C-A5BC-CB68D2A369D0}.Release|Any CPU.ActiveCfg = Release|Any CPU
		{A2E1D821-ED9E-4D6C-A5BC-CB68D2A369D0}.Release|Any CPU.Build.0 = Release|Any CPU
	EndGlobalSection
	GlobalSection(SolutionProperties) = preSolution
		HideSolutionNode = FALSE
	EndGlobalSection
	GlobalSection(NestedProjects) = preSolution
		{636E2A85-D413-4773-8812-129C458277C0} = {D56F4193-ADA4-4082-8EEA-A56959651F40}
		{E152D6C5-B6F1-4AA6-B79C-8F83A451999C} = {D56F4193-ADA4-4082-8EEA-A56959651F40}
		{70825A86-9FA8-4215-AF77-D40CC7FC5E8F} = {E152D6C5-B6F1-4AA6-B79C-8F83A451999C}
		{18C26062-227E-4242-BFD8-7B1B67E61C99} = {636E2A85-D413-4773-8812-129C458277C0}
		{616C33D4-59A6-4F46-ACC1-B0BFA4EB9783} = {70825A86-9FA8-4215-AF77-D40CC7FC5E8F}
		{D49255D8-5E0C-4AD7-B432-727F6201F94E} = {70825A86-9FA8-4215-AF77-D40CC7FC5E8F}
		{FE591225-7A08-4F3A-9073-09A0BC3A2F65} = {70825A86-9FA8-4215-AF77-D40CC7FC5E8F}
		{A2E1D821-ED9E-4D6C-A5BC-CB68D2A369D0} = {70825A86-9FA8-4215-AF77-D40CC7FC5E8F}
	EndGlobalSection
	GlobalSection(ExtensibilityGlobals) = postSolution
		SolutionGuid = {A0B6ABF4-3032-41EB-B72C-0DD72F624BB8}
	EndGlobalSection
EndGlobal
