
Microsoft Visual Studio Solution File, Format Version 12.00
# Visual Studio Version 17
VisualStudioVersion = 17.9.34616.47
MinimumVisualStudioVersion = 10.0.40219.1
Project("{2150E333-8FDC-42A3-9474-1A3956D46DE8}") = "Solution Items", "Solution Items", "{47E1FF1A-6355-4BA9-99A7-4A0AB016D2B5}"
	ProjectSection(SolutionItems) = preProject
		.editorconfig = .editorconfig
		Directory.Build.props = Directory.Build.props
		global.json = global.json
	EndProjectSection
EndProject
Project("{2150E333-8FDC-42A3-9474-1A3956D46DE8}") = "src", "src", "{D56F4193-ADA4-4082-8EEA-A56959651F40}"
EndProject
Project("{2150E333-8FDC-42A3-9474-1A3956D46DE8}") = "API", "API", "{636E2A85-D413-4773-8812-129C458277C0}"
EndProject
Project("{2150E333-8FDC-42A3-9474-1A3956D46DE8}") = "Modules", "Modules", "{E152D6C5-B6F1-4AA6-B79C-8F83A451999C}"
EndProject
Project("{2150E333-8FDC-42A3-9474-1A3956D46DE8}") = "Events", "Events", "{70825A86-9FA8-4215-AF77-D40CC7FC5E8F}"
EndProject
Project("{9A19103F-16F7-4668-BE54-9A1E7A4F7556}") = "EventModularMonolith.Api", "src\API\EventModularMonolith.Api\EventModularMonolith.Api.csproj", "{18C26062-227E-4242-BFD8-7B1B67E61C99}"
EndProject
Project("{E53339B2-1760-4266-BCC7-CA923CBCF16C}") = "docker-compose", "docker-compose.dcproj", "{0F6AC42C-2E06-4545-B8EE-21D6180EB3FC}"
EndProject
Project("{9A19103F-16F7-4668-BE54-9A1E7A4F7556}") = "EventModularMonolith.Modules.Events.Domain", "src\Modules\Events\EventModularMonolith.Modules.Events.Domain\EventModularMonolith.Modules.Events.Domain.csproj", "{616C33D4-59A6-4F46-ACC1-B0BFA4EB9783}"
EndProject
Project("{9A19103F-16F7-4668-BE54-9A1E7A4F7556}") = "EventModularMonolith.Modules.Events.Application", "src\Modules\Events\EventModularMonolith.Modules.Events.Application\EventModularMonolith.Modules.Events.Application.csproj", "{D49255D8-5E0C-4AD7-B432-727F6201F94E}"
EndProject
Project("{9A19103F-16F7-4668-BE54-9A1E7A4F7556}") = "EventModularMonolith.Modules.Events.Infrastructure", "src\Modules\Events\EventModularMonolith.Modules.Events.Infrastructure\EventModularMonolith.Modules.Events.Infrastructure.csproj", "{FE591225-7A08-4F3A-9073-09A0BC3A2F65}"
EndProject
Project("{9A19103F-16F7-4668-BE54-9A1E7A4F7556}") = "EventModularMonolith.Modules.Events.Presentation", "src\Modules\Events\EventModularMonolith.Modules.Events.Presentation\EventModularMonolith.Modules.Events.Presentation.csproj", "{A2E1D821-ED9E-4D6C-A5BC-CB68D2A369D0}"
EndProject
Project("{2150E333-8FDC-42A3-9474-1A3956D46DE8}") = "Shared", "Shared", "{B07DBC85-2DBF-4540-96CC-15F19026AFB4}"
EndProject
Project("{9A19103F-16F7-4668-BE54-9A1E7A4F7556}") = "EventModularMonolith.Shared.Application", "src\Shared\EventModularMonolith.Shared.Application\EventModularMonolith.Shared.Application.csproj", "{5B28C5BC-F769-4F6D-8F69-5A5F9FD23775}"
EndProject
Project("{9A19103F-16F7-4668-BE54-9A1E7A4F7556}") = "EventModularMonolith.Shared.Domain", "src\Shared\EventModularMonolith.Shared.Domain\EventModularMonolith.Shared.Domain.csproj", "{A7341256-7F82-4265-A45E-E5871880CE1A}"
EndProject
Project("{9A19103F-16F7-4668-BE54-9A1E7A4F7556}") = "EventModularMonolith.Shared.Infrastructure", "src\Shared\EventModularMonolith.Shared.Infrastructure\EventModularMonolith.Shared.Infrastructure.csproj", "{5A8340A4-14A8-4820-BCA8-52CC76375D9C}"
EndProject
Project("{9A19103F-16F7-4668-BE54-9A1E7A4F7556}") = "EventModularMonolith.Shared.Presentation", "src\Shared\EventModularMonolith.Shared.Presentation\EventModularMonolith.Shared.Presentation.csproj", "{2B897B38-E87A-4297-9A5C-A7F2983A01B8}"
EndProject
Project("{2150E333-8FDC-42A3-9474-1A3956D46DE8}") = "Users", "Users", "{0EDD7911-4BCC-4EC0-AE72-ACECA1A446D8}"
EndProject
Project("{9A19103F-16F7-4668-BE54-9A1E7A4F7556}") = "EventModularMonolith.Modules.Users.Application", "src\Modules\Users\EventModularMonolith.Modules.Users.Application\EventModularMonolith.Modules.Users.Application.csproj", "{4F415247-29E2-4870-AABF-526939E2ACCF}"
EndProject
Project("{9A19103F-16F7-4668-BE54-9A1E7A4F7556}") = "EventModularMonolith.Modules.Users.Domain", "src\Modules\Users\EventModularMonolith.Modules.Users.Domain\EventModularMonolith.Modules.Users.Domain.csproj", "{FDB2C375-EA0C-426D-9563-2504AD674DAB}"
EndProject
Project("{9A19103F-16F7-4668-BE54-9A1E7A4F7556}") = "EventModularMonolith.Modules.Users.Infrastructure", "src\Modules\Users\EventModularMonolith.Modules.Users.Infrastructure\EventModularMonolith.Modules.Users.Infrastructure.csproj", "{CBEDC1AF-0107-48FD-9D2D-4DDEE121D22A}"
EndProject
Project("{9A19103F-16F7-4668-BE54-9A1E7A4F7556}") = "EventModularMonolith.Modules.Users.Presentation", "src\Modules\Users\EventModularMonolith.Modules.Users.Presentation\EventModularMonolith.Modules.Users.Presentation.csproj", "{B0253E3B-AE5B-4645-B4E0-FB7F1473A9E7}"
EndProject
Project("{2150E333-8FDC-42A3-9474-1A3956D46DE8}") = "Ticketing", "Ticketing", "{7128DA2C-0075-4F0B-8239-24B4A3DAC12A}"
EndProject
Project("{9A19103F-16F7-4668-BE54-9A1E7A4F7556}") = "EventModularMonolith.Modules.Ticketing.Application", "src\Modules\Ticketing\EventModularMonolith.Modules.Ticketing.Application\EventModularMonolith.Modules.Ticketing.Application.csproj", "{A74AE84C-9970-4F07-80F6-B380EF76B17C}"
EndProject
Project("{9A19103F-16F7-4668-BE54-9A1E7A4F7556}") = "EventModularMonolith.Modules.Ticketing.Domain", "src\Modules\Ticketing\EventModularMonolith.Modules.Ticketing.Domain\EventModularMonolith.Modules.Ticketing.Domain.csproj", "{22A7A7B9-51D1-4B6A-9323-0806952D0DD0}"
EndProject
Project("{9A19103F-16F7-4668-BE54-9A1E7A4F7556}") = "EventModularMonolith.Modules.Ticketing.Infrastructure", "src\Modules\Ticketing\EventModularMonolith.Modules.Ticketing.Infrastructure\EventModularMonolith.Modules.Ticketing.Infrastructure.csproj", "{F90A457F-A747-43DD-9068-F03F4CB5B15A}"
EndProject
Project("{9A19103F-16F7-4668-BE54-9A1E7A4F7556}") = "EventModularMonolith.Modules.Ticketing.Presentation", "src\Modules\Ticketing\EventModularMonolith.Modules.Ticketing.Presentation\EventModularMonolith.Modules.Ticketing.Presentation.csproj", "{B9DC72F5-316A-4DA5-B68D-6D399E9531C5}"
EndProject
Project("{9A19103F-16F7-4668-BE54-9A1E7A4F7556}") = "EventModularMonolith.Modules.Users.PublicApi", "src\Modules\Users\EventModularMonolith.Modules.Users.PublicApi\EventModularMonolith.Modules.Users.PublicApi.csproj", "{E6F23946-4269-4939-8F25-5A4530B2197B}"
EndProject
Project("{9A19103F-16F7-4668-BE54-9A1E7A4F7556}") = "EventModularMonolith.Modules.Users.IntegrationEvents", "src\Modules\Users\EventModularMonolith.Modules.Users.IntegrationEvents\EventModularMonolith.Modules.Users.IntegrationEvents.csproj", "{F2B2CAA6-90A0-4AB3-87A9-B74C69DB7F57}"
EndProject
Project("{9A19103F-16F7-4668-BE54-9A1E7A4F7556}") = "EventModularMonolith.Modules.Events.IntegrationEvents", "src\Modules\Events\EventModularMonolith.Modules.Events.IntegrationEvents\EventModularMonolith.Modules.Events.IntegrationEvents.csproj", "{7ADD4CE4-6EBC-42BE-B204-CA5554C189EF}"
EndProject
Project("{2150E333-8FDC-42A3-9474-1A3956D46DE8}") = "WebApps", "WebApps", "{E2E57BC1-8714-4FBD-A138-D1662E77DA7F}"
EndProject
Project("{2150E333-8FDC-42A3-9474-1A3956D46DE8}") = "Shared", "Shared", "{84B61C73-0E4C-4B0A-9803-781A50FEA3B9}"
EndProject
Project("{2150E333-8FDC-42A3-9474-1A3956D46DE8}") = "AdminPanel", "AdminPanel", "{E9FE1178-5DA3-4BF1-9466-0B1559E08F14}"
EndProject
Global
	GlobalSection(SolutionConfigurationPlatforms) = preSolution
		Debug|Any CPU = Debug|Any CPU
		Release|Any CPU = Release|Any CPU
	EndGlobalSection
	GlobalSection(ProjectConfigurationPlatforms) = postSolution
		{18C26062-227E-4242-BFD8-7B1B67E61C99}.Debug|Any CPU.ActiveCfg = Debug|Any CPU
		{18C26062-227E-4242-BFD8-7B1B67E61C99}.Debug|Any CPU.Build.0 = Debug|Any CPU
		{18C26062-227E-4242-BFD8-7B1B67E61C99}.Release|Any CPU.ActiveCfg = Release|Any CPU
		{18C26062-227E-4242-BFD8-7B1B67E61C99}.Release|Any CPU.Build.0 = Release|Any CPU
		{0F6AC42C-2E06-4545-B8EE-21D6180EB3FC}.Debug|Any CPU.ActiveCfg = Debug|Any CPU
		{0F6AC42C-2E06-4545-B8EE-21D6180EB3FC}.Debug|Any CPU.Build.0 = Debug|Any CPU
		{0F6AC42C-2E06-4545-B8EE-21D6180EB3FC}.Release|Any CPU.ActiveCfg = Release|Any CPU
		{0F6AC42C-2E06-4545-B8EE-21D6180EB3FC}.Release|Any CPU.Build.0 = Release|Any CPU
		{616C33D4-59A6-4F46-ACC1-B0BFA4EB9783}.Debug|Any CPU.ActiveCfg = Debug|Any CPU
		{616C33D4-59A6-4F46-ACC1-B0BFA4EB9783}.Debug|Any CPU.Build.0 = Debug|Any CPU
		{616C33D4-59A6-4F46-ACC1-B0BFA4EB9783}.Release|Any CPU.ActiveCfg = Release|Any CPU
		{616C33D4-59A6-4F46-ACC1-B0BFA4EB9783}.Release|Any CPU.Build.0 = Release|Any CPU
		{D49255D8-5E0C-4AD7-B432-727F6201F94E}.Debug|Any CPU.ActiveCfg = Debug|Any CPU
		{D49255D8-5E0C-4AD7-B432-727F6201F94E}.Debug|Any CPU.Build.0 = Debug|Any CPU
		{D49255D8-5E0C-4AD7-B432-727F6201F94E}.Release|Any CPU.ActiveCfg = Release|Any CPU
		{D49255D8-5E0C-4AD7-B432-727F6201F94E}.Release|Any CPU.Build.0 = Release|Any CPU
		{FE591225-7A08-4F3A-9073-09A0BC3A2F65}.Debug|Any CPU.ActiveCfg = Debug|Any CPU
		{FE591225-7A08-4F3A-9073-09A0BC3A2F65}.Debug|Any CPU.Build.0 = Debug|Any CPU
		{FE591225-7A08-4F3A-9073-09A0BC3A2F65}.Release|Any CPU.ActiveCfg = Release|Any CPU
		{FE591225-7A08-4F3A-9073-09A0BC3A2F65}.Release|Any CPU.Build.0 = Release|Any CPU
		{A2E1D821-ED9E-4D6C-A5BC-CB68D2A369D0}.Debug|Any CPU.ActiveCfg = Debug|Any CPU
		{A2E1D821-ED9E-4D6C-A5BC-CB68D2A369D0}.Debug|Any CPU.Build.0 = Debug|Any CPU
		{A2E1D821-ED9E-4D6C-A5BC-CB68D2A369D0}.Release|Any CPU.ActiveCfg = Release|Any CPU
		{A2E1D821-ED9E-4D6C-A5BC-CB68D2A369D0}.Release|Any CPU.Build.0 = Release|Any CPU
		{5B28C5BC-F769-4F6D-8F69-5A5F9FD23775}.Debug|Any CPU.ActiveCfg = Debug|Any CPU
		{5B28C5BC-F769-4F6D-8F69-5A5F9FD23775}.Debug|Any CPU.Build.0 = Debug|Any CPU
		{5B28C5BC-F769-4F6D-8F69-5A5F9FD23775}.Release|Any CPU.ActiveCfg = Release|Any CPU
		{5B28C5BC-F769-4F6D-8F69-5A5F9FD23775}.Release|Any CPU.Build.0 = Release|Any CPU
		{A7341256-7F82-4265-A45E-E5871880CE1A}.Debug|Any CPU.ActiveCfg = Debug|Any CPU
		{A7341256-7F82-4265-A45E-E5871880CE1A}.Debug|Any CPU.Build.0 = Debug|Any CPU
		{A7341256-7F82-4265-A45E-E5871880CE1A}.Release|Any CPU.ActiveCfg = Release|Any CPU
		{A7341256-7F82-4265-A45E-E5871880CE1A}.Release|Any CPU.Build.0 = Release|Any CPU
		{5A8340A4-14A8-4820-BCA8-52CC76375D9C}.Debug|Any CPU.ActiveCfg = Debug|Any CPU
		{5A8340A4-14A8-4820-BCA8-52CC76375D9C}.Debug|Any CPU.Build.0 = Debug|Any CPU
		{5A8340A4-14A8-4820-BCA8-52CC76375D9C}.Release|Any CPU.ActiveCfg = Release|Any CPU
		{5A8340A4-14A8-4820-BCA8-52CC76375D9C}.Release|Any CPU.Build.0 = Release|Any CPU
		{2B897B38-E87A-4297-9A5C-A7F2983A01B8}.Debug|Any CPU.ActiveCfg = Debug|Any CPU
		{2B897B38-E87A-4297-9A5C-A7F2983A01B8}.Debug|Any CPU.Build.0 = Debug|Any CPU
		{2B897B38-E87A-4297-9A5C-A7F2983A01B8}.Release|Any CPU.ActiveCfg = Release|Any CPU
		{2B897B38-E87A-4297-9A5C-A7F2983A01B8}.Release|Any CPU.Build.0 = Release|Any CPU
		{4F415247-29E2-4870-AABF-526939E2ACCF}.Debug|Any CPU.ActiveCfg = Debug|Any CPU
		{4F415247-29E2-4870-AABF-526939E2ACCF}.Debug|Any CPU.Build.0 = Debug|Any CPU
		{4F415247-29E2-4870-AABF-526939E2ACCF}.Release|Any CPU.ActiveCfg = Release|Any CPU
		{4F415247-29E2-4870-AABF-526939E2ACCF}.Release|Any CPU.Build.0 = Release|Any CPU
		{FDB2C375-EA0C-426D-9563-2504AD674DAB}.Debug|Any CPU.ActiveCfg = Debug|Any CPU
		{FDB2C375-EA0C-426D-9563-2504AD674DAB}.Debug|Any CPU.Build.0 = Debug|Any CPU
		{FDB2C375-EA0C-426D-9563-2504AD674DAB}.Release|Any CPU.ActiveCfg = Release|Any CPU
		{FDB2C375-EA0C-426D-9563-2504AD674DAB}.Release|Any CPU.Build.0 = Release|Any CPU
		{CBEDC1AF-0107-48FD-9D2D-4DDEE121D22A}.Debug|Any CPU.ActiveCfg = Debug|Any CPU
		{CBEDC1AF-0107-48FD-9D2D-4DDEE121D22A}.Debug|Any CPU.Build.0 = Debug|Any CPU
		{CBEDC1AF-0107-48FD-9D2D-4DDEE121D22A}.Release|Any CPU.ActiveCfg = Release|Any CPU
		{CBEDC1AF-0107-48FD-9D2D-4DDEE121D22A}.Release|Any CPU.Build.0 = Release|Any CPU
		{B0253E3B-AE5B-4645-B4E0-FB7F1473A9E7}.Debug|Any CPU.ActiveCfg = Debug|Any CPU
		{B0253E3B-AE5B-4645-B4E0-FB7F1473A9E7}.Debug|Any CPU.Build.0 = Debug|Any CPU
		{B0253E3B-AE5B-4645-B4E0-FB7F1473A9E7}.Release|Any CPU.ActiveCfg = Release|Any CPU
		{B0253E3B-AE5B-4645-B4E0-FB7F1473A9E7}.Release|Any CPU.Build.0 = Release|Any CPU
		{A74AE84C-9970-4F07-80F6-B380EF76B17C}.Debug|Any CPU.ActiveCfg = Debug|Any CPU
		{A74AE84C-9970-4F07-80F6-B380EF76B17C}.Debug|Any CPU.Build.0 = Debug|Any CPU
		{A74AE84C-9970-4F07-80F6-B380EF76B17C}.Release|Any CPU.ActiveCfg = Release|Any CPU
		{A74AE84C-9970-4F07-80F6-B380EF76B17C}.Release|Any CPU.Build.0 = Release|Any CPU
		{22A7A7B9-51D1-4B6A-9323-0806952D0DD0}.Debug|Any CPU.ActiveCfg = Debug|Any CPU
		{22A7A7B9-51D1-4B6A-9323-0806952D0DD0}.Debug|Any CPU.Build.0 = Debug|Any CPU
		{22A7A7B9-51D1-4B6A-9323-0806952D0DD0}.Release|Any CPU.ActiveCfg = Release|Any CPU
		{22A7A7B9-51D1-4B6A-9323-0806952D0DD0}.Release|Any CPU.Build.0 = Release|Any CPU
		{F90A457F-A747-43DD-9068-F03F4CB5B15A}.Debug|Any CPU.ActiveCfg = Debug|Any CPU
		{F90A457F-A747-43DD-9068-F03F4CB5B15A}.Debug|Any CPU.Build.0 = Debug|Any CPU
		{F90A457F-A747-43DD-9068-F03F4CB5B15A}.Release|Any CPU.ActiveCfg = Release|Any CPU
		{F90A457F-A747-43DD-9068-F03F4CB5B15A}.Release|Any CPU.Build.0 = Release|Any CPU
		{B9DC72F5-316A-4DA5-B68D-6D399E9531C5}.Debug|Any CPU.ActiveCfg = Debug|Any CPU
		{B9DC72F5-316A-4DA5-B68D-6D399E9531C5}.Debug|Any CPU.Build.0 = Debug|Any CPU
		{B9DC72F5-316A-4DA5-B68D-6D399E9531C5}.Release|Any CPU.ActiveCfg = Release|Any CPU
		{B9DC72F5-316A-4DA5-B68D-6D399E9531C5}.Release|Any CPU.Build.0 = Release|Any CPU
		{E6F23946-4269-4939-8F25-5A4530B2197B}.Debug|Any CPU.ActiveCfg = Debug|Any CPU
		{E6F23946-4269-4939-8F25-5A4530B2197B}.Debug|Any CPU.Build.0 = Debug|Any CPU
		{E6F23946-4269-4939-8F25-5A4530B2197B}.Release|Any CPU.ActiveCfg = Release|Any CPU
		{E6F23946-4269-4939-8F25-5A4530B2197B}.Release|Any CPU.Build.0 = Release|Any CPU
		{F2B2CAA6-90A0-4AB3-87A9-B74C69DB7F57}.Debug|Any CPU.ActiveCfg = Debug|Any CPU
		{F2B2CAA6-90A0-4AB3-87A9-B74C69DB7F57}.Debug|Any CPU.Build.0 = Debug|Any CPU
		{F2B2CAA6-90A0-4AB3-87A9-B74C69DB7F57}.Release|Any CPU.ActiveCfg = Release|Any CPU
		{F2B2CAA6-90A0-4AB3-87A9-B74C69DB7F57}.Release|Any CPU.Build.0 = Release|Any CPU
		{7ADD4CE4-6EBC-42BE-B204-CA5554C189EF}.Debug|Any CPU.ActiveCfg = Debug|Any CPU
		{7ADD4CE4-6EBC-42BE-B204-CA5554C189EF}.Debug|Any CPU.Build.0 = Debug|Any CPU
		{7ADD4CE4-6EBC-42BE-B204-CA5554C189EF}.Release|Any CPU.ActiveCfg = Release|Any CPU
		{7ADD4CE4-6EBC-42BE-B204-CA5554C189EF}.Release|Any CPU.Build.0 = Release|Any CPU
	EndGlobalSection
	GlobalSection(SolutionProperties) = preSolution
		HideSolutionNode = FALSE
	EndGlobalSection
	GlobalSection(NestedProjects) = preSolution
		{636E2A85-D413-4773-8812-129C458277C0} = {D56F4193-ADA4-4082-8EEA-A56959651F40}
		{E152D6C5-B6F1-4AA6-B79C-8F83A451999C} = {D56F4193-ADA4-4082-8EEA-A56959651F40}
		{70825A86-9FA8-4215-AF77-D40CC7FC5E8F} = {E152D6C5-B6F1-4AA6-B79C-8F83A451999C}
		{18C26062-227E-4242-BFD8-7B1B67E61C99} = {636E2A85-D413-4773-8812-129C458277C0}
		{616C33D4-59A6-4F46-ACC1-B0BFA4EB9783} = {70825A86-9FA8-4215-AF77-D40CC7FC5E8F}
		{D49255D8-5E0C-4AD7-B432-727F6201F94E} = {70825A86-9FA8-4215-AF77-D40CC7FC5E8F}
		{FE591225-7A08-4F3A-9073-09A0BC3A2F65} = {70825A86-9FA8-4215-AF77-D40CC7FC5E8F}
		{A2E1D821-ED9E-4D6C-A5BC-CB68D2A369D0} = {70825A86-9FA8-4215-AF77-D40CC7FC5E8F}
		{B07DBC85-2DBF-4540-96CC-15F19026AFB4} = {D56F4193-ADA4-4082-8EEA-A56959651F40}
		{5B28C5BC-F769-4F6D-8F69-5A5F9FD23775} = {B07DBC85-2DBF-4540-96CC-15F19026AFB4}
		{A7341256-7F82-4265-A45E-E5871880CE1A} = {B07DBC85-2DBF-4540-96CC-15F19026AFB4}
		{5A8340A4-14A8-4820-BCA8-52CC76375D9C} = {B07DBC85-2DBF-4540-96CC-15F19026AFB4}
		{2B897B38-E87A-4297-9A5C-A7F2983A01B8} = {B07DBC85-2DBF-4540-96CC-15F19026AFB4}
		{0EDD7911-4BCC-4EC0-AE72-ACECA1A446D8} = {E152D6C5-B6F1-4AA6-B79C-8F83A451999C}
		{4F415247-29E2-4870-AABF-526939E2ACCF} = {0EDD7911-4BCC-4EC0-AE72-ACECA1A446D8}
		{FDB2C375-EA0C-426D-9563-2504AD674DAB} = {0EDD7911-4BCC-4EC0-AE72-ACECA1A446D8}
		{CBEDC1AF-0107-48FD-9D2D-4DDEE121D22A} = {0EDD7911-4BCC-4EC0-AE72-ACECA1A446D8}
		{B0253E3B-AE5B-4645-B4E0-FB7F1473A9E7} = {0EDD7911-4BCC-4EC0-AE72-ACECA1A446D8}
		{7128DA2C-0075-4F0B-8239-24B4A3DAC12A} = {E152D6C5-B6F1-4AA6-B79C-8F83A451999C}
		{A74AE84C-9970-4F07-80F6-B380EF76B17C} = {7128DA2C-0075-4F0B-8239-24B4A3DAC12A}
		{22A7A7B9-51D1-4B6A-9323-0806952D0DD0} = {7128DA2C-0075-4F0B-8239-24B4A3DAC12A}
		{F90A457F-A747-43DD-9068-F03F4CB5B15A} = {7128DA2C-0075-4F0B-8239-24B4A3DAC12A}
		{B9DC72F5-316A-4DA5-B68D-6D399E9531C5} = {7128DA2C-0075-4F0B-8239-24B4A3DAC12A}
		{E6F23946-4269-4939-8F25-5A4530B2197B} = {0EDD7911-4BCC-4EC0-AE72-ACECA1A446D8}
		{F2B2CAA6-90A0-4AB3-87A9-B74C69DB7F57} = {0EDD7911-4BCC-4EC0-AE72-ACECA1A446D8}
		{7ADD4CE4-6EBC-42BE-B204-CA5554C189EF} = {70825A86-9FA8-4215-AF77-D40CC7FC5E8F}
		{E2E57BC1-8714-4FBD-A138-D1662E77DA7F} = {D56F4193-ADA4-4082-8EEA-A56959651F40}
		{84B61C73-0E4C-4B0A-9803-781A50FEA3B9} = {E2E57BC1-8714-4FBD-A138-D1662E77DA7F}
		{E9FE1178-5DA3-4BF1-9466-0B1559E08F14} = {E2E57BC1-8714-4FBD-A138-D1662E77DA7F}
	EndGlobalSection
	GlobalSection(ExtensibilityGlobals) = postSolution
		SolutionGuid = {A0B6ABF4-3032-41EB-B72C-0DD72F624BB8}
	EndGlobalSection
EndGlobal
